
Microsoft Visual Studio Solution File, Format Version 12.00
# Visual Studio 14
VisualStudioVersion = 14.0.25420.1
MinimumVisualStudioVersion = 10.0.40219.1
Project("{FAE04EC0-301F-11D3-BF4B-00C04F79EFBC}") = "Bases", "Bases\Bases.csproj", "{0EAC8C41-0416-4BA0-B398-B8B7A16BB505}"
EndProject
Project("{FAE04EC0-301F-11D3-BF4B-00C04F79EFBC}") = "Calculatrice", "Calculatrice\Calculatrice.csproj", "{C323CF67-7633-4F00-B4E3-911BCDE7BFEA}"
EndProject
Project("{FAE04EC0-301F-11D3-BF4B-00C04F79EFBC}") = "Tableaux", "Tableaux\Tableaux.csproj", "{0E96D38C-997C-4635-A6C2-055898BD2100}"
EndProject
Project("{FAE04EC0-301F-11D3-BF4B-00C04F79EFBC}") = "Conversions", "Conversions\Conversions.csproj", "{7A948E28-2742-4EE0-8696-A319CFD2E547}"
EndProject
Project("{FAE04EC0-301F-11D3-BF4B-00C04F79EFBC}") = "Constructeur", "Constructeur\Constructeur.csproj", "{E2494B24-0821-489D-A8BA-89A8D68DFF54}"
EndProject
Project("{FAE04EC0-301F-11D3-BF4B-00C04F79EFBC}") = "Jessy", "Jessy\Jessy.csproj", "{0A1899B9-4EED-48CC-B543-D78E7EED2443}"
EndProject
Project("{FAE04EC0-301F-11D3-BF4B-00C04F79EFBC}") = "Virtuel", "Virtuel\Virtuel.csproj", "{D91249F1-85BC-48BC-8486-A7C41583BFE7}"
EndProject
Project("{FAE04EC0-301F-11D3-BF4B-00C04F79EFBC}") = "Operateurs", "Operateurs\Operateurs.csproj", "{8312E957-731D-43C4-8E9E-3DD4F92BDE89}"
EndProject
Project("{2150E333-8FDC-42A3-9474-1A3956D46DE8}") = "Delegue", "Delegue", "{EB77180A-58E9-4453-9160-DD982912EA7A}"
EndProject
Project("{FAE04EC0-301F-11D3-BF4B-00C04F79EFBC}") = "Centrale", "Centrale\Centrale.csproj", "{D1370519-0C26-4B42-854C-40EB9D75C51F}"
EndProject
Project("{FAE04EC0-301F-11D3-BF4B-00C04F79EFBC}") = "Multitaches", "Multitaches\Multitaches.csproj", "{F7874EA6-0928-4979-87E3-580333E38A50}"
EndProject
Project("{FAE04EC0-301F-11D3-BF4B-00C04F79EFBC}") = "Exercice1", "Exercice1\Exercice1.csproj", "{E2CF8496-D99A-47F2-A1F8-2373E646CC53}"
EndProject
Project("{FAE04EC0-301F-11D3-BF4B-00C04F79EFBC}") = "Exercice2", "Exercice2\Exercice2.csproj", "{F12A387D-3B45-44B6-9EBF-C43847AD0A9E}"
EndProject
Project("{FAE04EC0-301F-11D3-BF4B-00C04F79EFBC}") = "LaFabrique", "LaFabrique\LaFabrique.csproj", "{35B448F5-203B-4893-9C59-244DB28570DE}"
EndProject
Project("{2150E333-8FDC-42A3-9474-1A3956D46DE8}") = "Nouveautés", "Nouveautés", "{D148D874-685A-40FE-97E8-562E24C09F3F}"
EndProject
Project("{FAE04EC0-301F-11D3-BF4B-00C04F79EFBC}") = "Linq", "Linq\Linq.csproj", "{E19CD2D5-0F54-4ADC-81F3-786C5B1A76CB}"
EndProject
Project("{FAE04EC0-301F-11D3-BF4B-00C04F79EFBC}") = "Serialisation", "Serialisation\Serialisation.csproj", "{070E2AE6-2B4B-4EE8-99C4-27F304B0D40B}"
EndProject
Project("{FAE04EC0-301F-11D3-BF4B-00C04F79EFBC}") = "Exercice3", "Exercice3\Exercice3.csproj", "{F561D3B1-30D6-40F4-B141-1EEA8609CD4E}"
EndProject
Project("{FAE04EC0-301F-11D3-BF4B-00C04F79EFBC}") = "MethodeDextension", "MethodeDextension\MethodeDextension.csproj", "{D2E3DE9F-3221-4EB5-97B3-08095B10DB78}"
EndProject
Project("{FAE04EC0-301F-11D3-BF4B-00C04F79EFBC}") = "Exercice4Me", "Exercice4\Exercice4Me.csproj", "{9F832B7D-FC38-4466-8765-08925F8B88D6}"
EndProject
Project("{2150E333-8FDC-42A3-9474-1A3956D46DE8}") = "MyFolder", "MyFolder", "{4CDAB49B-7212-4CE7-9DF1-2923D56467EE}"
EndProject
Project("{FAE04EC0-301F-11D3-BF4B-00C04F79EFBC}") = "MaFabrique", "MaFabrique\MaFabrique.csproj", "{E1DDD9C6-2577-49F1-B221-717783769E44}"
EndProject
Project("{FAE04EC0-301F-11D3-BF4B-00C04F79EFBC}") = "GetSet", "GetSet\GetSet.csproj", "{33EA1C13-5EA5-48CD-AF49-3B378FE39516}"
EndProject
Project("{FAE04EC0-301F-11D3-BF4B-00C04F79EFBC}") = "Indexeur", "Indexeur\Indexeur.csproj", "{39D186BA-A837-45A2-8000-E413EAF97A57}"
EndProject
Project("{FAE04EC0-301F-11D3-BF4B-00C04F79EFBC}") = "Exercice4", "Exercice4Me\Exercice4.csproj", "{373AC938-5FEF-487E-8F9F-5A77DB4CC448}"
EndProject
Project("{FAE04EC0-301F-11D3-BF4B-00C04F79EFBC}") = "Exercice4Bis", "Exercice4Bis\Exercice4Bis.csproj", "{818A9431-9DCB-422D-8B89-60E59A20200E}"
EndProject
Global
	GlobalSection(SolutionConfigurationPlatforms) = preSolution
		Debug|Any CPU = Debug|Any CPU
		Release|Any CPU = Release|Any CPU
	EndGlobalSection
	GlobalSection(ProjectConfigurationPlatforms) = postSolution
		{0EAC8C41-0416-4BA0-B398-B8B7A16BB505}.Debug|Any CPU.ActiveCfg = Debug|Any CPU
		{0EAC8C41-0416-4BA0-B398-B8B7A16BB505}.Debug|Any CPU.Build.0 = Debug|Any CPU
		{0EAC8C41-0416-4BA0-B398-B8B7A16BB505}.Release|Any CPU.ActiveCfg = Release|Any CPU
		{0EAC8C41-0416-4BA0-B398-B8B7A16BB505}.Release|Any CPU.Build.0 = Release|Any CPU
		{C323CF67-7633-4F00-B4E3-911BCDE7BFEA}.Debug|Any CPU.ActiveCfg = Debug|Any CPU
		{C323CF67-7633-4F00-B4E3-911BCDE7BFEA}.Debug|Any CPU.Build.0 = Debug|Any CPU
		{C323CF67-7633-4F00-B4E3-911BCDE7BFEA}.Release|Any CPU.ActiveCfg = Release|Any CPU
		{C323CF67-7633-4F00-B4E3-911BCDE7BFEA}.Release|Any CPU.Build.0 = Release|Any CPU
		{0E96D38C-997C-4635-A6C2-055898BD2100}.Debug|Any CPU.ActiveCfg = Debug|Any CPU
		{0E96D38C-997C-4635-A6C2-055898BD2100}.Debug|Any CPU.Build.0 = Debug|Any CPU
		{0E96D38C-997C-4635-A6C2-055898BD2100}.Release|Any CPU.ActiveCfg = Release|Any CPU
		{0E96D38C-997C-4635-A6C2-055898BD2100}.Release|Any CPU.Build.0 = Release|Any CPU
		{7A948E28-2742-4EE0-8696-A319CFD2E547}.Debug|Any CPU.ActiveCfg = Debug|Any CPU
		{7A948E28-2742-4EE0-8696-A319CFD2E547}.Debug|Any CPU.Build.0 = Debug|Any CPU
		{7A948E28-2742-4EE0-8696-A319CFD2E547}.Release|Any CPU.ActiveCfg = Release|Any CPU
		{7A948E28-2742-4EE0-8696-A319CFD2E547}.Release|Any CPU.Build.0 = Release|Any CPU
		{E2494B24-0821-489D-A8BA-89A8D68DFF54}.Debug|Any CPU.ActiveCfg = Debug|Any CPU
		{E2494B24-0821-489D-A8BA-89A8D68DFF54}.Debug|Any CPU.Build.0 = Debug|Any CPU
		{E2494B24-0821-489D-A8BA-89A8D68DFF54}.Release|Any CPU.ActiveCfg = Release|Any CPU
		{E2494B24-0821-489D-A8BA-89A8D68DFF54}.Release|Any CPU.Build.0 = Release|Any CPU
		{0A1899B9-4EED-48CC-B543-D78E7EED2443}.Debug|Any CPU.ActiveCfg = Debug|Any CPU
		{0A1899B9-4EED-48CC-B543-D78E7EED2443}.Debug|Any CPU.Build.0 = Debug|Any CPU
		{0A1899B9-4EED-48CC-B543-D78E7EED2443}.Release|Any CPU.ActiveCfg = Release|Any CPU
		{0A1899B9-4EED-48CC-B543-D78E7EED2443}.Release|Any CPU.Build.0 = Release|Any CPU
		{D91249F1-85BC-48BC-8486-A7C41583BFE7}.Debug|Any CPU.ActiveCfg = Debug|Any CPU
		{D91249F1-85BC-48BC-8486-A7C41583BFE7}.Debug|Any CPU.Build.0 = Debug|Any CPU
		{D91249F1-85BC-48BC-8486-A7C41583BFE7}.Release|Any CPU.ActiveCfg = Release|Any CPU
		{D91249F1-85BC-48BC-8486-A7C41583BFE7}.Release|Any CPU.Build.0 = Release|Any CPU
		{8312E957-731D-43C4-8E9E-3DD4F92BDE89}.Debug|Any CPU.ActiveCfg = Debug|Any CPU
		{8312E957-731D-43C4-8E9E-3DD4F92BDE89}.Debug|Any CPU.Build.0 = Debug|Any CPU
		{8312E957-731D-43C4-8E9E-3DD4F92BDE89}.Release|Any CPU.ActiveCfg = Release|Any CPU
		{8312E957-731D-43C4-8E9E-3DD4F92BDE89}.Release|Any CPU.Build.0 = Release|Any CPU
		{D1370519-0C26-4B42-854C-40EB9D75C51F}.Debug|Any CPU.ActiveCfg = Debug|Any CPU
		{D1370519-0C26-4B42-854C-40EB9D75C51F}.Debug|Any CPU.Build.0 = Debug|Any CPU
		{D1370519-0C26-4B42-854C-40EB9D75C51F}.Release|Any CPU.ActiveCfg = Release|Any CPU
		{D1370519-0C26-4B42-854C-40EB9D75C51F}.Release|Any CPU.Build.0 = Release|Any CPU
		{F7874EA6-0928-4979-87E3-580333E38A50}.Debug|Any CPU.ActiveCfg = Debug|Any CPU
		{F7874EA6-0928-4979-87E3-580333E38A50}.Debug|Any CPU.Build.0 = Debug|Any CPU
		{F7874EA6-0928-4979-87E3-580333E38A50}.Release|Any CPU.ActiveCfg = Release|Any CPU
		{F7874EA6-0928-4979-87E3-580333E38A50}.Release|Any CPU.Build.0 = Release|Any CPU
		{E2CF8496-D99A-47F2-A1F8-2373E646CC53}.Debug|Any CPU.ActiveCfg = Debug|Any CPU
		{E2CF8496-D99A-47F2-A1F8-2373E646CC53}.Debug|Any CPU.Build.0 = Debug|Any CPU
		{E2CF8496-D99A-47F2-A1F8-2373E646CC53}.Release|Any CPU.ActiveCfg = Release|Any CPU
		{E2CF8496-D99A-47F2-A1F8-2373E646CC53}.Release|Any CPU.Build.0 = Release|Any CPU
		{F12A387D-3B45-44B6-9EBF-C43847AD0A9E}.Debug|Any CPU.ActiveCfg = Debug|Any CPU
		{F12A387D-3B45-44B6-9EBF-C43847AD0A9E}.Debug|Any CPU.Build.0 = Debug|Any CPU
		{F12A387D-3B45-44B6-9EBF-C43847AD0A9E}.Release|Any CPU.ActiveCfg = Release|Any CPU
		{F12A387D-3B45-44B6-9EBF-C43847AD0A9E}.Release|Any CPU.Build.0 = Release|Any CPU
		{35B448F5-203B-4893-9C59-244DB28570DE}.Debug|Any CPU.ActiveCfg = Debug|Any CPU
		{35B448F5-203B-4893-9C59-244DB28570DE}.Debug|Any CPU.Build.0 = Debug|Any CPU
		{35B448F5-203B-4893-9C59-244DB28570DE}.Release|Any CPU.ActiveCfg = Release|Any CPU
		{35B448F5-203B-4893-9C59-244DB28570DE}.Release|Any CPU.Build.0 = Release|Any CPU
		{E19CD2D5-0F54-4ADC-81F3-786C5B1A76CB}.Debug|Any CPU.ActiveCfg = Debug|Any CPU
		{E19CD2D5-0F54-4ADC-81F3-786C5B1A76CB}.Debug|Any CPU.Build.0 = Debug|Any CPU
		{E19CD2D5-0F54-4ADC-81F3-786C5B1A76CB}.Release|Any CPU.ActiveCfg = Release|Any CPU
		{E19CD2D5-0F54-4ADC-81F3-786C5B1A76CB}.Release|Any CPU.Build.0 = Release|Any CPU
		{070E2AE6-2B4B-4EE8-99C4-27F304B0D40B}.Debug|Any CPU.ActiveCfg = Debug|Any CPU
		{070E2AE6-2B4B-4EE8-99C4-27F304B0D40B}.Debug|Any CPU.Build.0 = Debug|Any CPU
		{070E2AE6-2B4B-4EE8-99C4-27F304B0D40B}.Release|Any CPU.ActiveCfg = Release|Any CPU
		{070E2AE6-2B4B-4EE8-99C4-27F304B0D40B}.Release|Any CPU.Build.0 = Release|Any CPU
		{F561D3B1-30D6-40F4-B141-1EEA8609CD4E}.Debug|Any CPU.ActiveCfg = Debug|Any CPU
		{F561D3B1-30D6-40F4-B141-1EEA8609CD4E}.Debug|Any CPU.Build.0 = Debug|Any CPU
		{F561D3B1-30D6-40F4-B141-1EEA8609CD4E}.Release|Any CPU.ActiveCfg = Release|Any CPU
		{F561D3B1-30D6-40F4-B141-1EEA8609CD4E}.Release|Any CPU.Build.0 = Release|Any CPU
		{D2E3DE9F-3221-4EB5-97B3-08095B10DB78}.Debug|Any CPU.ActiveCfg = Debug|Any CPU
		{D2E3DE9F-3221-4EB5-97B3-08095B10DB78}.Debug|Any CPU.Build.0 = Debug|Any CPU
		{D2E3DE9F-3221-4EB5-97B3-08095B10DB78}.Release|Any CPU.ActiveCfg = Release|Any CPU
		{D2E3DE9F-3221-4EB5-97B3-08095B10DB78}.Release|Any CPU.Build.0 = Release|Any CPU
		{9F832B7D-FC38-4466-8765-08925F8B88D6}.Debug|Any CPU.ActiveCfg = Debug|Any CPU
		{9F832B7D-FC38-4466-8765-08925F8B88D6}.Debug|Any CPU.Build.0 = Debug|Any CPU
		{9F832B7D-FC38-4466-8765-08925F8B88D6}.Release|Any CPU.ActiveCfg = Release|Any CPU
		{9F832B7D-FC38-4466-8765-08925F8B88D6}.Release|Any CPU.Build.0 = Release|Any CPU
		{E1DDD9C6-2577-49F1-B221-717783769E44}.Debug|Any CPU.ActiveCfg = Debug|Any CPU
		{E1DDD9C6-2577-49F1-B221-717783769E44}.Debug|Any CPU.Build.0 = Debug|Any CPU
		{E1DDD9C6-2577-49F1-B221-717783769E44}.Release|Any CPU.ActiveCfg = Release|Any CPU
		{E1DDD9C6-2577-49F1-B221-717783769E44}.Release|Any CPU.Build.0 = Release|Any CPU
		{33EA1C13-5EA5-48CD-AF49-3B378FE39516}.Debug|Any CPU.ActiveCfg = Debug|Any CPU
		{33EA1C13-5EA5-48CD-AF49-3B378FE39516}.Debug|Any CPU.Build.0 = Debug|Any CPU
		{33EA1C13-5EA5-48CD-AF49-3B378FE39516}.Release|Any CPU.ActiveCfg = Release|Any CPU
		{33EA1C13-5EA5-48CD-AF49-3B378FE39516}.Release|Any CPU.Build.0 = Release|Any CPU
		{39D186BA-A837-45A2-8000-E413EAF97A57}.Debug|Any CPU.ActiveCfg = Debug|Any CPU
		{39D186BA-A837-45A2-8000-E413EAF97A57}.Debug|Any CPU.Build.0 = Debug|Any CPU
		{39D186BA-A837-45A2-8000-E413EAF97A57}.Release|Any CPU.ActiveCfg = Release|Any CPU
		{39D186BA-A837-45A2-8000-E413EAF97A57}.Release|Any CPU.Build.0 = Release|Any CPU
		{373AC938-5FEF-487E-8F9F-5A77DB4CC448}.Debug|Any CPU.ActiveCfg = Debug|Any CPU
		{373AC938-5FEF-487E-8F9F-5A77DB4CC448}.Debug|Any CPU.Build.0 = Debug|Any CPU
		{373AC938-5FEF-487E-8F9F-5A77DB4CC448}.Release|Any CPU.ActiveCfg = Release|Any CPU
		{373AC938-5FEF-487E-8F9F-5A77DB4CC448}.Release|Any CPU.Build.0 = Release|Any CPU
		{818A9431-9DCB-422D-8B89-60E59A20200E}.Debug|Any CPU.ActiveCfg = Debug|Any CPU
		{818A9431-9DCB-422D-8B89-60E59A20200E}.Debug|Any CPU.Build.0 = Debug|Any CPU
		{818A9431-9DCB-422D-8B89-60E59A20200E}.Release|Any CPU.ActiveCfg = Release|Any CPU
		{818A9431-9DCB-422D-8B89-60E59A20200E}.Release|Any CPU.Build.0 = Release|Any CPU
	EndGlobalSection
	GlobalSection(SolutionProperties) = preSolution
		HideSolutionNode = FALSE
	EndGlobalSection
	GlobalSection(NestedProjects) = preSolution
		{D1370519-0C26-4B42-854C-40EB9D75C51F} = {EB77180A-58E9-4453-9160-DD982912EA7A}
		{F7874EA6-0928-4979-87E3-580333E38A50} = {EB77180A-58E9-4453-9160-DD982912EA7A}
		{E2CF8496-D99A-47F2-A1F8-2373E646CC53} = {EB77180A-58E9-4453-9160-DD982912EA7A}
		{F12A387D-3B45-44B6-9EBF-C43847AD0A9E} = {EB77180A-58E9-4453-9160-DD982912EA7A}
		{E19CD2D5-0F54-4ADC-81F3-786C5B1A76CB} = {D148D874-685A-40FE-97E8-562E24C09F3F}
		{070E2AE6-2B4B-4EE8-99C4-27F304B0D40B} = {D148D874-685A-40FE-97E8-562E24C09F3F}
		{D2E3DE9F-3221-4EB5-97B3-08095B10DB78} = {D148D874-685A-40FE-97E8-562E24C09F3F}
		{E1DDD9C6-2577-49F1-B221-717783769E44} = {4CDAB49B-7212-4CE7-9DF1-2923D56467EE}
	EndGlobalSection
EndGlobal
